
Microsoft Visual Studio Solution File, Format Version 12.00
# Visual Studio Version 17
VisualStudioVersion = 17.9.34728.123
MinimumVisualStudioVersion = 10.0.40219.1
Project("{FAE04EC0-301F-11D3-BF4B-00C04F79EFBC}") = "Storage.Account.Demo", "..\Storage.Account\Storage.Account.Demo.csproj", "{8D84A5ED-BC1C-43BC-A095-D79FD2C7F5DE}"
EndProject
Project("{FAE04EC0-301F-11D3-BF4B-00C04F79EFBC}") = "QueueConsumer.Demo", "StorageAccount.Demo\QueueConsumer.Demo\QueueConsumer.Demo.csproj", "{03359306-E20B-4BDE-BBC9-D323E99C5C06}"
EndProject
Global
	GlobalSection(SolutionConfigurationPlatforms) = preSolution
		Debug|Any CPU = Debug|Any CPU
		Release|Any CPU = Release|Any CPU
	EndGlobalSection
	GlobalSection(ProjectConfigurationPlatforms) = postSolution
		{8D84A5ED-BC1C-43BC-A095-D79FD2C7F5DE}.Debug|Any CPU.ActiveCfg = Debug|Any CPU
		{8D84A5ED-BC1C-43BC-A095-D79FD2C7F5DE}.Debug|Any CPU.Build.0 = Debug|Any CPU
		{8D84A5ED-BC1C-43BC-A095-D79FD2C7F5DE}.Release|Any CPU.ActiveCfg = Release|Any CPU
		{8D84A5ED-BC1C-43BC-A095-D79FD2C7F5DE}.Release|Any CPU.Build.0 = Release|Any CPU
		{03359306-E20B-4BDE-BBC9-D323E99C5C06}.Debug|Any CPU.ActiveCfg = Debug|Any CPU
		{03359306-E20B-4BDE-BBC9-D323E99C5C06}.Debug|Any CPU.Build.0 = Debug|Any CPU
		{03359306-E20B-4BDE-BBC9-D323E99C5C06}.Release|Any CPU.ActiveCfg = Release|Any CPU
		{03359306-E20B-4BDE-BBC9-D323E99C5C06}.Release|Any CPU.Build.0 = Release|Any CPU
	EndGlobalSection
	GlobalSection(SolutionProperties) = preSolution
		HideSolutionNode = FALSE
	EndGlobalSection
	GlobalSection(ExtensibilityGlobals) = postSolution
		SolutionGuid = {F9DF18A6-5A17-4C78-B57E-D0A2C92A24E9}
	EndGlobalSection
EndGlobal
